{
  "version": "4",
  "specifiers": {
    "jsr:@da/bcrypt@*": "1.0.1",
    "jsr:@da/bcrypt@^1.0.1": "1.0.1",
    "jsr:@db/mongo@*": "0.33.0",
    "jsr:@db/mongo@0.33": "0.33.0",
    "jsr:@lucsoft/web-bson@0.4": "0.4.0",
    "jsr:@lucsoft/web-bson@~0.3.1": "0.3.1",
    "jsr:@oak/commons@1": "1.0.0",
    "jsr:@oak/oak@*": "17.1.4",
    "jsr:@oak/oak@^17.1.4": "17.1.4",
    "jsr:@std/assert@1": "1.0.11",
    "jsr:@std/assert@^1.0.10": "1.0.11",
    "jsr:@std/assert@^1.0.11": "1.0.11",
    "jsr:@std/async@^1.0.10": "1.0.10",
    "jsr:@std/async@^1.0.9": "1.0.10",
    "jsr:@std/bytes@1": "1.0.5",
    "jsr:@std/crypto@1": "1.0.4",
    "jsr:@std/crypto@^1.0.3": "1.0.4",
    "jsr:@std/crypto@~0.220.1": "0.220.1",
    "jsr:@std/data-structures@^1.0.6": "1.0.6",
    "jsr:@std/dotenv@*": "0.225.3",
    "jsr:@std/dotenv@~0.225.3": "0.225.3",
    "jsr:@std/encoding@0.224.0": "0.224.0",
    "jsr:@std/encoding@1": "1.0.7",
    "jsr:@std/encoding@^1.0.5": "1.0.7",
    "jsr:@std/encoding@^1.0.7": "1.0.7",
    "jsr:@std/encoding@~0.220.1": "0.220.1",
    "jsr:@std/expect@^1.0.13": "1.0.13",
    "jsr:@std/fmt@^1.0.5": "1.0.5",
    "jsr:@std/fs@^1.0.11": "1.0.11",
    "jsr:@std/fs@^1.0.9": "1.0.11",
    "jsr:@std/http@1": "1.0.13",
    "jsr:@std/internal@^1.0.5": "1.0.5",
    "jsr:@std/io@~0.225.2": "0.225.2",
    "jsr:@std/log@~0.224.14": "0.224.14",
    "jsr:@std/media-types@1": "1.1.0",
    "jsr:@std/path@1": "1.0.8",
    "jsr:@std/path@^1.0.8": "1.0.8",
    "jsr:@std/testing@*": "1.0.9",
    "jsr:@std/testing@^1.0.9": "1.0.9",
    "jsr:@tajpouria/cors@*": "1.2.1",
    "jsr:@tajpouria/cors@^1.2.1": "1.2.1",
    "jsr:@zaubrik/djwt@*": "3.0.2",
    "jsr:@zaubrik/djwt@^3.0.2": "3.0.2",
    "npm:@types/node@*": "22.5.4",
    "npm:path-to-regexp@^6.3.0": "6.3.0",
    "npm:supertest@*": "7.0.0",
    "npm:supertest@7": "7.0.0",
    "npm:yup@*": "1.6.1",
    "npm:yup@^1.6.1": "1.6.1"
  },
  "jsr": {
    "@da/bcrypt@1.0.1": {
      "integrity": "d2172d3acbcff52e0465557a1a48b1ff1c92df08c90712dae5372255a8c45eb3"
    },
    "@db/mongo@0.33.0": {
      "integrity": "89312b9db63ad733920901d60faf8c667aa3cb0a64b67f8c3e74601465273e3a",
      "dependencies": [
        "jsr:@lucsoft/web-bson@~0.3.1",
        "jsr:@std/crypto@~0.220.1",
        "jsr:@std/encoding@~0.220.1"
      ]
    },
    "@lucsoft/web-bson@0.3.1": {
      "integrity": "dccad36fe5cc68286a4d3fe1993f7e7a81df0970c5946a5894dae9173adafe60"
    },
    "@lucsoft/web-bson@0.4.0": {
      "integrity": "8ede9f3c223dd6095869fae84e99dcf0f12da52f37426e22d57181ecc5524308"
    },
    "@oak/commons@1.0.0": {
      "integrity": "49805b55603c3627a9d6235c0655aa2b6222d3036b3a13ff0380c16368f607ac",
      "dependencies": [
        "jsr:@std/assert@1",
        "jsr:@std/bytes",
        "jsr:@std/crypto@1",
        "jsr:@std/encoding@1",
        "jsr:@std/http",
        "jsr:@std/media-types"
      ]
    },
    "@oak/oak@17.1.4": {
      "integrity": "60530b582bf276ff741e39cc664026781aa08dd5f2bc5134d756cc427bf2c13e",
      "dependencies": [
        "jsr:@oak/commons",
        "jsr:@std/assert@1",
        "jsr:@std/bytes",
        "jsr:@std/http",
        "jsr:@std/media-types",
        "jsr:@std/path@1",
        "npm:path-to-regexp"
      ]
    },
    "@std/assert@1.0.11": {
      "integrity": "2461ef3c368fe88bc60e186e7744a93112f16fd110022e113a0849e94d1c83c1",
      "dependencies": [
        "jsr:@std/internal"
      ]
    },
    "@std/async@1.0.10": {
      "integrity": "2ff1b1c7d33d1416159989b0f69e59ec7ee8cb58510df01e454def2108b3dbec"
    },
    "@std/bytes@1.0.5": {
      "integrity": "4465dd739d7963d964c809202ebea6d5c6b8e3829ef25c6a224290fbb8a1021e"
    },
    "@std/crypto@0.220.1": {
      "integrity": "4cec173974f33398041a3f66cc2f9b2fcc4a5ceaddd0e60840887d3bb7289d23"
    },
    "@std/crypto@1.0.4": {
      "integrity": "cee245c453bd5366207f4d8aa25ea3e9c86cecad2be3fefcaa6cb17203d79340"
    },
    "@std/data-structures@1.0.6": {
      "integrity": "76a7fd8080c66604c0496220a791860492ab21a04a63a969c0b9a0609bbbb760"
    },
    "@std/dotenv@0.225.3": {
      "integrity": "a95e5b812c27b0854c52acbae215856d9cce9d4bbf774d938c51d212711e8d4a"
    },
    "@std/encoding@0.220.1": {
      "integrity": "8dc38dd72e36cd68857a5837e24eb09a64bb296b96c295239c75eec17d45d23f"
    },
    "@std/encoding@0.224.0": {
      "integrity": "efb6dca97d3e9c31392bd5c8cfd9f9fc9decf5a1f4d1f78af7900a493bcf89b5"
    },
    "@std/encoding@1.0.7": {
      "integrity": "f631247c1698fef289f2de9e2a33d571e46133b38d042905e3eac3715030a82d"
    },
    "@std/expect@1.0.13": {
      "integrity": "d8e236c7089cd9fcf5e6032f27dadc3db6349d0aee48c15bc71d717bca5baa42",
      "dependencies": [
        "jsr:@std/assert@^1.0.11",
        "jsr:@std/internal"
      ]
    },
    "@std/fmt@1.0.5": {
      "integrity": "0cfab43364bc36650d83c425cd6d99910fc20c4576631149f0f987eddede1a4d"
    },
    "@std/fs@1.0.11": {
      "integrity": "ba674672693340c5ebdd018b4fe1af46cb08741f42b4c538154e97d217b55bdd",
      "dependencies": [
        "jsr:@std/path@^1.0.8"
      ]
    },
    "@std/http@1.0.13": {
      "integrity": "d29618b982f7ae44380111f7e5b43da59b15db64101198bb5f77100d44eb1e1e",
      "dependencies": [
        "jsr:@std/encoding@^1.0.7"
      ]
    },
    "@std/internal@1.0.5": {
      "integrity": "54a546004f769c1ac9e025abd15a76b6671ddc9687e2313b67376125650dc7ba"
    },
    "@std/io@0.225.2": {
      "integrity": "3c740cd4ee4c082e6cfc86458f47e2ab7cb353dc6234d5e9b1f91a2de5f4d6c7"
    },
    "@std/log@0.224.14": {
      "integrity": "257f7adceee3b53bb2bc86c7242e7d1bc59729e57d4981c4a7e5b876c808f05e",
      "dependencies": [
        "jsr:@std/fmt",
        "jsr:@std/fs@^1.0.11",
        "jsr:@std/io"
      ]
    },
    "@std/media-types@1.1.0": {
      "integrity": "c9d093f0c05c3512932b330e3cc1fe1d627b301db33a4c2c2185c02471d6eaa4"
    },
    "@std/path@1.0.8": {
      "integrity": "548fa456bb6a04d3c1a1e7477986b6cffbce95102d0bb447c67c4ee70e0364be"
    },
    "@std/testing@1.0.9": {
      "integrity": "9bdd4ac07cb13e7594ac30e90f6ceef7254ac83a9aeaa089be0008f33aab5cd4",
      "dependencies": [
        "jsr:@std/assert@^1.0.10",
        "jsr:@std/async@^1.0.9",
        "jsr:@std/data-structures",
        "jsr:@std/fs@^1.0.9",
        "jsr:@std/internal",
        "jsr:@std/path@^1.0.8"
      ]
    },
    "@tajpouria/cors@1.2.1": {
      "integrity": "eca42e4fb7cb3906ef0ee3d1e565dd6bb4632ccd8e70a95cf4279759743328f0"
    },
    "@zaubrik/djwt@3.0.2": {
      "integrity": "8070adaa49cd9e5d2b8ae82fd461132c966ef2f8ff8378db4a4da8df4f17c664",
      "dependencies": [
        "jsr:@std/encoding@0.224.0"
      ]
    }
  },
  "npm": {
    "@types/node@22.5.4": {
      "integrity": "sha512-FDuKUJQm/ju9fT/SeX/6+gBzoPzlVCzfzmGkwKvRHQVxi4BntVbyIwf6a4Xn62mrvndLiml6z/UBXIdEVjQLXg==",
      "dependencies": [
        "undici-types"
      ]
    },
    "asap@2.0.6": {
      "integrity": "sha512-BSHWgDSAiKs50o2Re8ppvp3seVHXSRM44cdSsT9FfNEUUZLOGWVCsiWaRPWM1Znn+mqZ1OfVZ3z3DWEzSp7hRA=="
    },
    "asynckit@0.4.0": {
      "integrity": "sha512-Oei9OH4tRh0YqU3GxhX79dM/mwVgvbZJaSNaRk+bshkj0S5cfHcgYakreBjrHwatXKbz+IoIdYLxrKim2MjW0Q=="
    },
    "call-bind-apply-helpers@1.0.1": {
      "integrity": "sha512-BhYE+WDaywFg2TBWYNXAE+8B1ATnThNBqXHP5nQu0jWJdVvY2hvkpyB3qOmtmDePiS5/BDQ8wASEWGMWRG148g==",
      "dependencies": [
        "es-errors",
        "function-bind"
      ]
    },
    "call-bound@1.0.3": {
      "integrity": "sha512-YTd+6wGlNlPxSuri7Y6X8tY2dmm12UMH66RpKMhiX6rsk5wXXnYgbUcOt8kiS31/AjfoTOvCsE+w8nZQLQnzHA==",
      "dependencies": [
        "call-bind-apply-helpers",
        "get-intrinsic"
      ]
    },
    "combined-stream@1.0.8": {
      "integrity": "sha512-FQN4MRfuJeHf7cBbBMJFXhKSDq+2kAArBlmRBvcvFE5BB1HZKXtSFASDhdlz9zOYwxh8lDdnvmMOe/+5cdoEdg==",
      "dependencies": [
        "delayed-stream"
      ]
    },
    "component-emitter@1.3.1": {
      "integrity": "sha512-T0+barUSQRTUQASh8bx02dl+DhF54GtIDY13Y3m9oWTklKbb3Wv974meRpeZ3lp1JpLVECWWNHC4vaG2XHXouQ=="
    },
    "cookiejar@2.1.4": {
      "integrity": "sha512-LDx6oHrK+PhzLKJU9j5S7/Y3jM/mUHvD/DeI1WQmJn652iPC5Y4TBzC9l+5OMOXlyTTA+SmVUPm0HQUwpD5Jqw=="
    },
    "debug@4.4.0": {
      "integrity": "sha512-6WTZ/IxCY/T6BALoZHaE4ctp9xm+Z5kY/pzYaCHRFeyVhojxlrm+46y68HA6hr0TcwEssoxNiDEUJQjfPZ/RYA==",
      "dependencies": [
        "ms"
      ]
    },
    "delayed-stream@1.0.0": {
      "integrity": "sha512-ZySD7Nf91aLB0RxL4KGrKHBXl7Eds1DAmEdcoVawXnLD7SDhpNgtuII2aAkg7a7QS41jxPSZ17p4VdGnMHk3MQ=="
    },
    "dezalgo@1.0.4": {
      "integrity": "sha512-rXSP0bf+5n0Qonsb+SVVfNfIsimO4HEtmnIpPHY8Q1UCzKlQrDMfdobr8nJOOsRgWCyMRqeSBQzmWUMq7zvVig==",
      "dependencies": [
        "asap",
        "wrappy"
      ]
    },
    "dunder-proto@1.0.1": {
      "integrity": "sha512-KIN/nDJBQRcXw0MLVhZE9iQHmG68qAVIBg9CqmUYjmQIhgij9U5MFvrqkUL5FbtyyzZuOeOt0zdeRe4UY7ct+A==",
      "dependencies": [
        "call-bind-apply-helpers",
        "es-errors",
        "gopd"
      ]
    },
    "es-define-property@1.0.1": {
      "integrity": "sha512-e3nRfgfUZ4rNGL232gUgX06QNyyez04KdjFrF+LTRoOXmrOgFKDg4BCdsjW8EnT69eqdYGmRpJwiPVYNrCaW3g=="
    },
    "es-errors@1.3.0": {
      "integrity": "sha512-Zf5H2Kxt2xjTvbJvP2ZWLEICxA6j+hAmMzIlypy4xcBg1vKVnx89Wy0GbS+kf5cwCVFFzdCFh2XSCFNULS6csw=="
    },
    "es-object-atoms@1.1.1": {
      "integrity": "sha512-FGgH2h8zKNim9ljj7dankFPcICIK9Cp5bm+c2gQSYePhpaG5+esrLODihIorn+Pe6FGJzWhXQotPv73jTaldXA==",
      "dependencies": [
        "es-errors"
      ]
    },
    "fast-safe-stringify@2.1.1": {
      "integrity": "sha512-W+KJc2dmILlPplD/H4K9l9LcAHAfPtP6BY84uVLXQ6Evcz9Lcg33Y2z1IVblT6xdY54PXYVHEv+0Wpq8Io6zkA=="
    },
    "form-data@4.0.1": {
      "integrity": "sha512-tzN8e4TX8+kkxGPK8D5u0FNmjPUjw3lwC9lSLxxoB/+GtsJG91CO8bSWy73APlgAZzZbXEYZJuxjkHH2w+Ezhw==",
      "dependencies": [
        "asynckit",
        "combined-stream",
        "mime-types"
      ]
    },
    "formidable@3.5.2": {
      "integrity": "sha512-Jqc1btCy3QzRbJaICGwKcBfGWuLADRerLzDqi2NwSt/UkXLsHJw2TVResiaoBufHVHy9aSgClOHCeJsSsFLTbg==",
      "dependencies": [
        "dezalgo",
        "hexoid",
        "once"
      ]
    },
    "function-bind@1.1.2": {
      "integrity": "sha512-7XHNxH7qX9xG5mIwxkhumTox/MIRNcOgDrxWsMt2pAr23WHp6MrRlN7FBSFpCpr+oVO0F744iUgR82nJMfG2SA=="
    },
    "get-intrinsic@1.2.7": {
      "integrity": "sha512-VW6Pxhsrk0KAOqs3WEd0klDiF/+V7gQOpAvY1jVU/LHmaD/kQO4523aiJuikX/QAKYiW6x8Jh+RJej1almdtCA==",
      "dependencies": [
        "call-bind-apply-helpers",
        "es-define-property",
        "es-errors",
        "es-object-atoms",
        "function-bind",
        "get-proto",
        "gopd",
        "has-symbols",
        "hasown",
        "math-intrinsics"
      ]
    },
    "get-proto@1.0.1": {
      "integrity": "sha512-sTSfBjoXBp89JvIKIefqw7U2CCebsc74kiY6awiGogKtoSGbgjYE/G/+l9sF3MWFPNc9IcoOC4ODfKHfxFmp0g==",
      "dependencies": [
        "dunder-proto",
        "es-object-atoms"
      ]
    },
    "gopd@1.2.0": {
      "integrity": "sha512-ZUKRh6/kUFoAiTAtTYPZJ3hw9wNxx+BIBOijnlG9PnrJsCcSjs1wyyD6vJpaYtgnzDrKYRSqf3OO6Rfa93xsRg=="
    },
    "has-symbols@1.1.0": {
      "integrity": "sha512-1cDNdwJ2Jaohmb3sg4OmKaMBwuC48sYni5HUw2DvsC8LjGTLK9h+eb1X6RyuOHe4hT0ULCW68iomhjUoKUqlPQ=="
    },
    "hasown@2.0.2": {
      "integrity": "sha512-0hJU9SCPvmMzIBdZFqNPXWa6dqh7WdH0cII9y+CyS8rG3nL48Bclra9HmKhVVUHyPWNH5Y7xDwAB7bfgSjkUMQ==",
      "dependencies": [
        "function-bind"
      ]
    },
    "hexoid@2.0.0": {
      "integrity": "sha512-qlspKUK7IlSQv2o+5I7yhUd7TxlOG2Vr5LTa3ve2XSNVKAL/n/u/7KLvKmFNimomDIKvZFXWHv0T12mv7rT8Aw=="
    },
    "math-intrinsics@1.1.0": {
      "integrity": "sha512-/IXtbwEk5HTPyEwyKX6hGkYXxM9nbj64B+ilVJnC/R6B0pH5G4V3b0pVbL7DBj4tkhBAppbQUlf6F6Xl9LHu1g=="
    },
    "methods@1.1.2": {
      "integrity": "sha512-iclAHeNqNm68zFtnZ0e+1L2yUIdvzNoauKU4WBA3VvH/vPFieF7qfRlwUZU+DA9P9bPXIS90ulxoUoCH23sV2w=="
    },
    "mime-db@1.52.0": {
      "integrity": "sha512-sPU4uV7dYlvtWJxwwxHD0PuihVNiE7TyAbQ5SWxDCB9mUYvOgroQOwYQQOKPJ8CIbE+1ETVlOoK1UC2nU3gYvg=="
    },
    "mime-types@2.1.35": {
      "integrity": "sha512-ZDY+bPm5zTTF+YpCrAU9nK0UgICYPT0QtT1NZWFv4s++TNkcgVaT0g6+4R2uI4MjQjzysHB1zxuWL50hzaeXiw==",
      "dependencies": [
        "mime-db"
      ]
    },
    "mime@2.6.0": {
      "integrity": "sha512-USPkMeET31rOMiarsBNIHZKLGgvKc/LrjofAnBlOttf5ajRvqiRA8QsenbcooctK6d6Ts6aqZXBA+XbkKthiQg=="
    },
    "ms@2.1.3": {
      "integrity": "sha512-6FlzubTLZG3J2a/NVCAleEhjzq5oxgHyaCU9yYXvcLsvoVaHJq/s5xXI6/XXP6tz7R9xAOtHnSO/tXtF3WRTlA=="
    },
    "object-inspect@1.13.4": {
      "integrity": "sha512-W67iLl4J2EXEGTbfeHCffrjDfitvLANg0UlX3wFUUSTx92KXRFegMHUVgSqE+wvhAbi4WqjGg9czysTV2Epbew=="
    },
    "once@1.4.0": {
      "integrity": "sha512-lNaJgI+2Q5URQBkccEKHTQOPaXdUxnZZElQTZY0MFUAuaEqe1E+Nyvgdz/aIyNi6Z9MzO5dv1H8n58/GELp3+w==",
      "dependencies": [
        "wrappy"
      ]
    },
    "path-to-regexp@6.3.0": {
      "integrity": "sha512-Yhpw4T9C6hPpgPeA28us07OJeqZ5EzQTkbfwuhsUg0c237RomFoETJgmp2sa3F/41gfLE6G5cqcYwznmeEeOlQ=="
    },
    "property-expr@2.0.6": {
      "integrity": "sha512-SVtmxhRE/CGkn3eZY1T6pC8Nln6Fr/lu1mKSgRud0eC73whjGfoAogbn78LkD8aFL0zz3bAFerKSnOl7NlErBA=="
    },
    "qs@6.14.0": {
      "integrity": "sha512-YWWTjgABSKcvs/nWBi9PycY/JiPJqOD4JA6o9Sej2AtvSGarXxKC3OQSk4pAarbdQlKAh5D4FCQkJNkW+GAn3w==",
      "dependencies": [
        "side-channel"
      ]
    },
    "side-channel-list@1.0.0": {
      "integrity": "sha512-FCLHtRD/gnpCiCHEiJLOwdmFP+wzCmDEkc9y7NsYxeF4u7Btsn1ZuwgwJGxImImHicJArLP4R0yX4c2KCrMrTA==",
      "dependencies": [
        "es-errors",
        "object-inspect"
      ]
    },
    "side-channel-map@1.0.1": {
      "integrity": "sha512-VCjCNfgMsby3tTdo02nbjtM/ewra6jPHmpThenkTYh8pG9ucZ/1P8So4u4FGBek/BjpOVsDCMoLA/iuBKIFXRA==",
      "dependencies": [
        "call-bound",
        "es-errors",
        "get-intrinsic",
        "object-inspect"
      ]
    },
    "side-channel-weakmap@1.0.2": {
      "integrity": "sha512-WPS/HvHQTYnHisLo9McqBHOJk2FkHO/tlpvldyrnem4aeQp4hai3gythswg6p01oSoTl58rcpiFAjF2br2Ak2A==",
      "dependencies": [
        "call-bound",
        "es-errors",
        "get-intrinsic",
        "object-inspect",
        "side-channel-map"
      ]
    },
    "side-channel@1.1.0": {
      "integrity": "sha512-ZX99e6tRweoUXqR+VBrslhda51Nh5MTQwou5tnUDgbtyM0dBgmhEDtWGP/xbKn6hqfPRHujUNwz5fy/wbbhnpw==",
      "dependencies": [
        "es-errors",
        "object-inspect",
        "side-channel-list",
        "side-channel-map",
        "side-channel-weakmap"
      ]
    },
    "superagent@9.0.2": {
      "integrity": "sha512-xuW7dzkUpcJq7QnhOsnNUgtYp3xRwpt2F7abdRYIpCsAt0hhUqia0EdxyXZQQpNmGtsCzYHryaKSV3q3GJnq7w==",
      "dependencies": [
        "component-emitter",
        "cookiejar",
        "debug",
        "fast-safe-stringify",
        "form-data",
        "formidable",
        "methods",
        "mime",
        "qs"
      ]
    },
    "supertest@7.0.0": {
      "integrity": "sha512-qlsr7fIC0lSddmA3tzojvzubYxvlGtzumcdHgPwbFWMISQwL22MhM2Y3LNt+6w9Yyx7559VW5ab70dgphm8qQA==",
      "dependencies": [
        "methods",
        "superagent"
      ]
    },
    "tiny-case@1.0.3": {
      "integrity": "sha512-Eet/eeMhkO6TX8mnUteS9zgPbUMQa4I6Kkp5ORiBD5476/m+PIRiumP5tmh5ioJpH7k51Kehawy2UDfsnxxY8Q=="
    },
    "toposort@2.0.2": {
      "integrity": "sha512-0a5EOkAUp8D4moMi2W8ZF8jcga7BgZd91O/yabJCFY8az+XSzeGyTKs0Aoo897iV1Nj6guFq8orWDS96z91oGg=="
    },
    "type-fest@2.19.0": {
      "integrity": "sha512-RAH822pAdBgcNMAfWnCBU3CFZcfZ/i1eZjwFU/dsLKumyuuP3niueg2UAukXYF0E2AAoc82ZSSf9J0WQBinzHA=="
    },
    "undici-types@6.19.8": {
      "integrity": "sha512-ve2KP6f/JnbPBFyobGHuerC9g1FYGn/F8n1LWTwNxCEzd6IfqTwUQcNXgEtmmQ6DlRrC1hrSrBnCZPokRrDHjw=="
    },
    "wrappy@1.0.2": {
      "integrity": "sha512-l4Sp/DRseor9wL6EvV2+TuQn63dMkPjZ/sp9XkghTEbV9KlPS1xUsZ3u7/IQO4wxtcFB4bgpQPRcR3QCvezPcQ=="
    },
    "yup@1.6.1": {
      "integrity": "sha512-JED8pB50qbA4FOkDol0bYF/p60qSEDQqBD0/qeIrUCG1KbPBIQ776fCUNb9ldbPcSTxA69g/47XTo4TqWiuXOA==",
      "dependencies": [
        "property-expr",
        "tiny-case",
        "toposort",
        "type-fest"
      ]
    }
  },
  "redirects": {
    "https://deno.land/x/mongo/mod.ts": "https://deno.land/x/mongo@v0.34.0/mod.ts"
  },
  "remote": {
    "https://deno.land/x/mongo@v0.34.0/deps.ts": "c9ef5cc7fbe0d84c349590dca175abcf62988b1f87c2efda47e47d3f20fb741d",
    "https://deno.land/x/mongo@v0.34.0/mod.ts": "a1f5b1e6932d472d1fca02ebef025e4f964b0bca62b8ead77415ec49870cd7f2",
    "https://deno.land/x/mongo@v0.34.0/src/auth/base.ts": "84ae5dec934f9bedb4a941c7c0dbac5f138a836e2792463e5bd97fd8ab51501e",
    "https://deno.land/x/mongo@v0.34.0/src/auth/mod.ts": "b161611bd5be9e9d1b4497227c8ea93ad4daadcd98038c9e5a707bc5da7a25ca",
    "https://deno.land/x/mongo@v0.34.0/src/auth/pbkdf2.ts": "1f1db192fd37869d118ab34780b64567ebcf0ad83a03ef28b3d740cae9adb47a",
    "https://deno.land/x/mongo@v0.34.0/src/auth/scram.ts": "c3c62333338243c201e5d9fe5eee855f78223835cdb7bead5bebd4dfb91a6ac2",
    "https://deno.land/x/mongo@v0.34.0/src/auth/x509.ts": "a9a4369abc70ce48e3fae528ebe192371deeae597f2c3c54872e7b3a2a53d282",
    "https://deno.land/x/mongo@v0.34.0/src/client.ts": "066a6ef58d657f9050b3d7ce4b7e8f1492705dbc252486abc6a2c8ef0794f48c",
    "https://deno.land/x/mongo@v0.34.0/src/cluster.ts": "3692f1d56ac8bced43de543aa536073628933d23af2339f19453b2a057b2d017",
    "https://deno.land/x/mongo@v0.34.0/src/collection/collection.ts": "73676cd440de88aa5b76af652c9f873b1cf5651ef53c3c2795f7d11b8a82ff7b",
    "https://deno.land/x/mongo@v0.34.0/src/collection/commands/aggregate.ts": "d11c85c30add147c8dc35a73165c7c10d0a2afc9cb447b10b37b823303b71bc0",
    "https://deno.land/x/mongo@v0.34.0/src/collection/commands/find.ts": "44b8df95897339d6df01505cec9c636db527f42e2a0b6a56d06fc3f2914c1d50",
    "https://deno.land/x/mongo@v0.34.0/src/collection/commands/list_indexes.ts": "468867f9d687c69ae326e9e9b26cb026fffe3f2f7d2348b5cf14fcea85782028",
    "https://deno.land/x/mongo@v0.34.0/src/collection/commands/update.ts": "6c111bf410b6479bb1ba2f194d0ad999d78047910b49fc3e62763e15d6b697b0",
    "https://deno.land/x/mongo@v0.34.0/src/collection/mod.ts": "bd791a0b9b46be4365f88c54893584eadec2f8cd799db9eb05e0b5b4c8d72b8e",
    "https://deno.land/x/mongo@v0.34.0/src/database.ts": "acac1dbedb14620d91ac7de787761dec0ec7901f655d1d05c06eaf145da7094a",
    "https://deno.land/x/mongo@v0.34.0/src/error.ts": "4e3e4f3bf487c1ff23e3bcf1481c8855ec871f6737a923e892589bb64ad349df",
    "https://deno.land/x/mongo@v0.34.0/src/gridfs/bucket.ts": "323843afa490d7a41e583492dc3bab3751d393d80d0f5b2cffa35ca1514b7966",
    "https://deno.land/x/mongo@v0.34.0/src/gridfs/indexes.ts": "50bcbcddb751ee5b31efb840154cad4a68d1212e9cf594a5d45d07a8ec7ea6e0",
    "https://deno.land/x/mongo@v0.34.0/src/gridfs/upload.ts": "57823aacb41262c83ad6f1faefaa4c327d9cec33b5d46ff720ba36e27f1eb8f5",
    "https://deno.land/x/mongo@v0.34.0/src/protocol/cursor.ts": "3fd33cf303f95a11c5d9cea9da6435384d991315027ef298f0d144b4578d3009",
    "https://deno.land/x/mongo@v0.34.0/src/protocol/handshake.ts": "306d30a76f9de33aa7b2670a7b43c5736f5353bc8dace6bd7d9f2837ab83856d",
    "https://deno.land/x/mongo@v0.34.0/src/protocol/header.ts": "0f28db842f886e57b7013606c1391affab2e2960a1a4568d2502e7b788117716",
    "https://deno.land/x/mongo@v0.34.0/src/protocol/message.ts": "4a23137d4c71b61c4a8f636c1fcfeb20dd436441322bb50cad02483db49373aa",
    "https://deno.land/x/mongo@v0.34.0/src/protocol/mod.ts": "c5f626711e5c1347d98400a18d252306390f76f81335acb4f871a2b45d8d89bb",
    "https://deno.land/x/mongo@v0.34.0/src/protocol/protocol.ts": "6dae1ced4e1215df8938b5f648bf79a8f7fc80964f5c190538c66e67ba7dd8b2",
    "https://deno.land/x/mongo@v0.34.0/src/types.ts": "6fd5feec514a6b551743014cee3963d66476d50f6d44d05e2a3d0ee074f45fab",
    "https://deno.land/x/mongo@v0.34.0/src/utils/ns.ts": "fb0c57b8dc4d31f8993112d267dec3c163d3e8862198d1cd03b2b51bcc3caad9",
    "https://deno.land/x/mongo@v0.34.0/src/utils/saslprep/load_code_points.ts": "88c3bee38b2f3e22a2900332ca69f443759b4772bfa65463d8871c9e895f1299",
    "https://deno.land/x/mongo@v0.34.0/src/utils/saslprep/memory_pager.ts": "f55a79a13ec569c21630c3915a9af0c6fc0aa2b899121fa2a85a813c6dd4afba",
    "https://deno.land/x/mongo@v0.34.0/src/utils/saslprep/mod.ts": "9690b73882738d77c929ceac180b3a6fee9db90e69a5518f3692f0d7cb67f198",
    "https://deno.land/x/mongo@v0.34.0/src/utils/saslprep/sparse_bitfield.ts": "34b487925e62c1ea57818eef0f1dbb305db4002f75797ee4db9dfa796a0125fd",
    "https://deno.land/x/mongo@v0.34.0/src/utils/srv.ts": "8f741cf9008c111c1257ce2a750c27f82c9b42b3f8541604608eb3263835c710",
    "https://deno.land/x/mongo@v0.34.0/src/utils/uri.ts": "855a5e7d9436084cfe2d5b29fb93664b2b940b3c885d6c4438f1fb40926a5350"
  },
  "workspace": {
    "dependencies": [
      "jsr:@da/bcrypt@^1.0.1",
      "jsr:@db/mongo@0.33",
      "jsr:@oak/oak@^17.1.4",
      "jsr:@std/assert@1",
      "jsr:@std/async@^1.0.10",
      "jsr:@std/dotenv@~0.225.3",
      "jsr:@std/expect@^1.0.13",
      "jsr:@std/log@~0.224.14",
      "jsr:@std/testing@^1.0.9",
      "jsr:@tajpouria/cors@^1.2.1",
      "jsr:@zaubrik/djwt@^3.0.2",
      "npm:supertest@7",
      "npm:yup@^1.6.1"
    ]
  }
}
